
Microsoft Visual Studio Solution File, Format Version 12.00
# Visual Studio Version 16
VisualStudioVersion = 16.0.31729.503
MinimumVisualStudioVersion = 10.0.40219.1
Project("{FAE04EC0-301F-11D3-BF4B-00C04F79EFBC}") = "WebApplication3", "WebApplication3\WebApplication3.csproj", "{6E953BC7-904D-49EE-A0A8-7C38958088AF}"
EndProject
Global
	GlobalSection(SolutionConfigurationPlatforms) = preSolution
		Debug|Any CPU = Debug|Any CPU
		Release|Any CPU = Release|Any CPU
	EndGlobalSection
	GlobalSection(ProjectConfigurationPlatforms) = postSolution
		{6E953BC7-904D-49EE-A0A8-7C38958088AF}.Debug|Any CPU.ActiveCfg = Debug|Any CPU
		{6E953BC7-904D-49EE-A0A8-7C38958088AF}.Debug|Any CPU.Build.0 = Debug|Any CPU
		{6E953BC7-904D-49EE-A0A8-7C38958088AF}.Release|Any CPU.ActiveCfg = Release|Any CPU
		{6E953BC7-904D-49EE-A0A8-7C38958088AF}.Release|Any CPU.Build.0 = Release|Any CPU
	EndGlobalSection
	GlobalSection(SolutionProperties) = preSolution
		HideSolutionNode = FALSE
	EndGlobalSection
	GlobalSection(ExtensibilityGlobals) = postSolution
		SolutionGuid = {B61A0C05-2B8C-4776-AEBD-A05182BEDDE4}
	EndGlobalSection
EndGlobal
